
Microsoft Visual Studio Solution File, Format Version 12.00
# Visual Studio Version 16
VisualStudioVersion = 16.0.33214.272
MinimumVisualStudioVersion = 10.0.40219.1
Project("{FAE04EC0-301F-11D3-BF4B-00C04F79EFBC}") = "LGAtividade02", "LGAtividade02.csproj", "{3D9E1B40-9879-4CD3-9C95-6569A1245C56}"
EndProject
Project("{2150E333-8FDC-42A3-9474-1A3956D46DE8}") = "Solution Items", "Solution Items", "{E7D4F944-F895-423B-BBD1-85AB17FD6BB4}"
	ProjectSection(SolutionItems) = preProject
		Readme.md = Readme.md
	EndProjectSection
EndProject
Global
	GlobalSection(SolutionConfigurationPlatforms) = preSolution
		Debug|Any CPU = Debug|Any CPU
		Release|Any CPU = Release|Any CPU
	EndGlobalSection
	GlobalSection(ProjectConfigurationPlatforms) = postSolution
		{3D9E1B40-9879-4CD3-9C95-6569A1245C56}.Debug|Any CPU.ActiveCfg = Debug|Any CPU
		{3D9E1B40-9879-4CD3-9C95-6569A1245C56}.Debug|Any CPU.Build.0 = Debug|Any CPU
		{3D9E1B40-9879-4CD3-9C95-6569A1245C56}.Release|Any CPU.ActiveCfg = Release|Any CPU
		{3D9E1B40-9879-4CD3-9C95-6569A1245C56}.Release|Any CPU.Build.0 = Release|Any CPU
	EndGlobalSection
	GlobalSection(SolutionProperties) = preSolution
		HideSolutionNode = FALSE
	EndGlobalSection
	GlobalSection(ExtensibilityGlobals) = postSolution
		SolutionGuid = {770FBEDE-1910-4D55-B7AE-2B3908FDD72B}
	EndGlobalSection
EndGlobal
